// !$*UTF8*$!
{
	archiveVersion = 1;
	classes = {
	};
	objectVersion = 46;
	objects = {

/* Begin PBXBuildFile section */
		EA595C8B1E3C031F007BE637 /* AppDelegate.swift in Sources */ = {isa = PBXBuildFile; fileRef = EA595C8A1E3C031F007BE637 /* AppDelegate.swift */; };
		EA595C8D1E3C031F007BE637 /* ViewController.swift in Sources */ = {isa = PBXBuildFile; fileRef = EA595C8C1E3C031F007BE637 /* ViewController.swift */; };
		EA595C901E3C031F007BE637 /* Main.storyboard in Resources */ = {isa = PBXBuildFile; fileRef = EA595C8E1E3C031F007BE637 /* Main.storyboard */; };
		EA595C931E3C031F007BE637 /* Stablr.xcdatamodeld in Sources */ = {isa = PBXBuildFile; fileRef = EA595C911E3C031F007BE637 /* Stablr.xcdatamodeld */; };
		EA595C951E3C031F007BE637 /* Assets.xcassets in Resources */ = {isa = PBXBuildFile; fileRef = EA595C941E3C031F007BE637 /* Assets.xcassets */; };
		EA595C981E3C031F007BE637 /* LaunchScreen.storyboard in Resources */ = {isa = PBXBuildFile; fileRef = EA595C961E3C031F007BE637 /* LaunchScreen.storyboard */; };
		EA595CA31E3C031F007BE637 /* StablrTests.swift in Sources */ = {isa = PBXBuildFile; fileRef = EA595CA21E3C031F007BE637 /* StablrTests.swift */; };
		EA595CAE1E3C031F007BE637 /* StablrUITests.swift in Sources */ = {isa = PBXBuildFile; fileRef = EA595CAD1E3C031F007BE637 /* StablrUITests.swift */; };
/* End PBXBuildFile section */

/* Begin PBXContainerItemProxy section */
		EA595C9F1E3C031F007BE637 /* PBXContainerItemProxy */ = {
			isa = PBXContainerItemProxy;
			containerPortal = EA595C7F1E3C031F007BE637 /* Project object */;
			proxyType = 1;
			remoteGlobalIDString = EA595C861E3C031F007BE637;
			remoteInfo = Stablr;
		};
		EA595CAA1E3C031F007BE637 /* PBXContainerItemProxy */ = {
			isa = PBXContainerItemProxy;
			containerPortal = EA595C7F1E3C031F007BE637 /* Project object */;
			proxyType = 1;
			remoteGlobalIDString = EA595C861E3C031F007BE637;
			remoteInfo = Stablr;
		};
/* End PBXContainerItemProxy section */

/* Begin PBXFileReference section */
		EA595C871E3C031F007BE637 /* Stablr.app */ = {isa = PBXFileReference; explicitFileType = wrapper.application; includeInIndex = 0; path = Stablr.app; sourceTree = BUILT_PRODUCTS_DIR; };
		EA595C8A1E3C031F007BE637 /* AppDelegate.swift */ = {isa = PBXFileReference; lastKnownFileType = sourcecode.swift; path = AppDelegate.swift; sourceTree = "<group>"; };
		EA595C8C1E3C031F007BE637 /* ViewController.swift */ = {isa = PBXFileReference; lastKnownFileType = sourcecode.swift; path = ViewController.swift; sourceTree = "<group>"; };
		EA595C8F1E3C031F007BE637 /* Base */ = {isa = PBXFileReference; lastKnownFileType = file.storyboard; name = Base; path = Base.lproj/Main.storyboard; sourceTree = "<group>"; };
		EA595C921E3C031F007BE637 /* Stablr.xcdatamodel */ = {isa = PBXFileReference; lastKnownFileType = wrapper.xcdatamodel; path = Stablr.xcdatamodel; sourceTree = "<group>"; };
		EA595C941E3C031F007BE637 /* Assets.xcassets */ = {isa = PBXFileReference; lastKnownFileType = folder.assetcatalog; path = Assets.xcassets; sourceTree = "<group>"; };
		EA595C971E3C031F007BE637 /* Base */ = {isa = PBXFileReference; lastKnownFileType = file.storyboard; name = Base; path = Base.lproj/LaunchScreen.storyboard; sourceTree = "<group>"; };
		EA595C991E3C031F007BE637 /* Info.plist */ = {isa = PBXFileReference; lastKnownFileType = text.plist.xml; path = Info.plist; sourceTree = "<group>"; };
		EA595C9E1E3C031F007BE637 /* StablrTests.xctest */ = {isa = PBXFileReference; explicitFileType = wrapper.cfbundle; includeInIndex = 0; path = StablrTests.xctest; sourceTree = BUILT_PRODUCTS_DIR; };
		EA595CA21E3C031F007BE637 /* StablrTests.swift */ = {isa = PBXFileReference; lastKnownFileType = sourcecode.swift; path = StablrTests.swift; sourceTree = "<group>"; };
		EA595CA41E3C031F007BE637 /* Info.plist */ = {isa = PBXFileReference; lastKnownFileType = text.plist.xml; path = Info.plist; sourceTree = "<group>"; };
		EA595CA91E3C031F007BE637 /* StablrUITests.xctest */ = {isa = PBXFileReference; explicitFileType = wrapper.cfbundle; includeInIndex = 0; path = StablrUITests.xctest; sourceTree = BUILT_PRODUCTS_DIR; };
		EA595CAD1E3C031F007BE637 /* StablrUITests.swift */ = {isa = PBXFileReference; lastKnownFileType = sourcecode.swift; path = StablrUITests.swift; sourceTree = "<group>"; };
		EA595CAF1E3C031F007BE637 /* Info.plist */ = {isa = PBXFileReference; lastKnownFileType = text.plist.xml; path = Info.plist; sourceTree = "<group>"; };
/* End PBXFileReference section */

/* Begin PBXFrameworksBuildPhase section */
		EA595C841E3C031F007BE637 /* Frameworks */ = {
			isa = PBXFrameworksBuildPhase;
			buildActionMask = 2147483647;
			files = (
			);
			runOnlyForDeploymentPostprocessing = 0;
		};
		EA595C9B1E3C031F007BE637 /* Frameworks */ = {
			isa = PBXFrameworksBuildPhase;
			buildActionMask = 2147483647;
			files = (
			);
			runOnlyForDeploymentPostprocessing = 0;
		};
		EA595CA61E3C031F007BE637 /* Frameworks */ = {
			isa = PBXFrameworksBuildPhase;
			buildActionMask = 2147483647;
			files = (
			);
			runOnlyForDeploymentPostprocessing = 0;
		};
/* End PBXFrameworksBuildPhase section */

/* Begin PBXGroup section */
		EA595C7E1E3C031F007BE637 = {
			isa = PBXGroup;
			children = (
				EA595C891E3C031F007BE637 /* Stablr */,
				EA595CA11E3C031F007BE637 /* StablrTests */,
				EA595CAC1E3C031F007BE637 /* StablrUITests */,
				EA595C881E3C031F007BE637 /* Products */,
			);
			sourceTree = "<group>";
		};
		EA595C881E3C031F007BE637 /* Products */ = {
			isa = PBXGroup;
			children = (
				EA595C871E3C031F007BE637 /* Stablr.app */,
				EA595C9E1E3C031F007BE637 /* StablrTests.xctest */,
				EA595CA91E3C031F007BE637 /* StablrUITests.xctest */,
			);
			name = Products;
			sourceTree = "<group>";
		};
		EA595C891E3C031F007BE637 /* Stablr */ = {
			isa = PBXGroup;
			children = (
				EA595C8A1E3C031F007BE637 /* AppDelegate.swift */,
				EA595C8C1E3C031F007BE637 /* ViewController.swift */,
				EA595C8E1E3C031F007BE637 /* Main.storyboard */,
				EA595C941E3C031F007BE637 /* Assets.xcassets */,
				EA595C961E3C031F007BE637 /* LaunchScreen.storyboard */,
				EA595C991E3C031F007BE637 /* Info.plist */,
				EA595C911E3C031F007BE637 /* Stablr.xcdatamodeld */,
			);
			path = Stablr;
			sourceTree = "<group>";
		};
		EA595CA11E3C031F007BE637 /* StablrTests */ = {
			isa = PBXGroup;
			children = (
				EA595CA21E3C031F007BE637 /* StablrTests.swift */,
				EA595CA41E3C031F007BE637 /* Info.plist */,
			);
			path = StablrTests;
			sourceTree = "<group>";
		};
		EA595CAC1E3C031F007BE637 /* StablrUITests */ = {
			isa = PBXGroup;
			children = (
				EA595CAD1E3C031F007BE637 /* StablrUITests.swift */,
				EA595CAF1E3C031F007BE637 /* Info.plist */,
			);
			path = StablrUITests;
			sourceTree = "<group>";
		};
/* End PBXGroup section */

/* Begin PBXNativeTarget section */
		EA595C861E3C031F007BE637 /* Stablr */ = {
			isa = PBXNativeTarget;
			buildConfigurationList = EA595CB21E3C031F007BE637 /* Build configuration list for PBXNativeTarget "Stablr" */;
			buildPhases = (
				EA595C831E3C031F007BE637 /* Sources */,
				EA595C841E3C031F007BE637 /* Frameworks */,
				EA595C851E3C031F007BE637 /* Resources */,
			);
			buildRules = (
			);
			dependencies = (
			);
			name = Stablr;
			productName = Stablr;
			productReference = EA595C871E3C031F007BE637 /* Stablr.app */;
			productType = "com.apple.product-type.application";
		};
		EA595C9D1E3C031F007BE637 /* StablrTests */ = {
			isa = PBXNativeTarget;
			buildConfigurationList = EA595CB51E3C031F007BE637 /* Build configuration list for PBXNativeTarget "StablrTests" */;
			buildPhases = (
				EA595C9A1E3C031F007BE637 /* Sources */,
				EA595C9B1E3C031F007BE637 /* Frameworks */,
				EA595C9C1E3C031F007BE637 /* Resources */,
			);
			buildRules = (
			);
			dependencies = (
				EA595CA01E3C031F007BE637 /* PBXTargetDependency */,
			);
			name = StablrTests;
			productName = StablrTests;
			productReference = EA595C9E1E3C031F007BE637 /* StablrTests.xctest */;
			productType = "com.apple.product-type.bundle.unit-test";
		};
		EA595CA81E3C031F007BE637 /* StablrUITests */ = {
			isa = PBXNativeTarget;
			buildConfigurationList = EA595CB81E3C031F007BE637 /* Build configuration list for PBXNativeTarget "StablrUITests" */;
			buildPhases = (
				EA595CA51E3C031F007BE637 /* Sources */,
				EA595CA61E3C031F007BE637 /* Frameworks */,
				EA595CA71E3C031F007BE637 /* Resources */,
			);
			buildRules = (
			);
			dependencies = (
				EA595CAB1E3C031F007BE637 /* PBXTargetDependency */,
			);
			name = StablrUITests;
			productName = StablrUITests;
			productReference = EA595CA91E3C031F007BE637 /* StablrUITests.xctest */;
			productType = "com.apple.product-type.bundle.ui-testing";
		};
/* End PBXNativeTarget section */

/* Begin PBXProject section */
		EA595C7F1E3C031F007BE637 /* Project object */ = {
			isa = PBXProject;
			attributes = {
				LastSwiftUpdateCheck = 0820;
				LastUpgradeCheck = 0820;
				ORGANIZATIONNAME = "buproject Jason Lu, Jesus Franco";
				TargetAttributes = {
					EA595C861E3C031F007BE637 = {
						CreatedOnToolsVersion = 8.2.1;
						DevelopmentTeam = EX67LTNEAX;
						ProvisioningStyle = Automatic;
					};
					EA595C9D1E3C031F007BE637 = {
						CreatedOnToolsVersion = 8.2.1;
						ProvisioningStyle = Automatic;
						TestTargetID = EA595C861E3C031F007BE637;
					};
					EA595CA81E3C031F007BE637 = {
						CreatedOnToolsVersion = 8.2.1;
						ProvisioningStyle = Automatic;
						TestTargetID = EA595C861E3C031F007BE637;
					};
				};
			};
			buildConfigurationList = EA595C821E3C031F007BE637 /* Build configuration list for PBXProject "Stablr" */;
			compatibilityVersion = "Xcode 3.2";
			developmentRegion = English;
			hasScannedForEncodings = 0;
			knownRegions = (
				en,
				Base,
			);
			mainGroup = EA595C7E1E3C031F007BE637;
			productRefGroup = EA595C881E3C031F007BE637 /* Products */;
			projectDirPath = "";
			projectRoot = "";
			targets = (
				EA595C861E3C031F007BE637 /* Stablr */,
				EA595C9D1E3C031F007BE637 /* StablrTests */,
				EA595CA81E3C031F007BE637 /* StablrUITests */,
			);
		};
/* End PBXProject section */

/* Begin PBXResourcesBuildPhase section */
		EA595C851E3C031F007BE637 /* Resources */ = {
			isa = PBXResourcesBuildPhase;
			buildActionMask = 2147483647;
			files = (
				EA595C981E3C031F007BE637 /* LaunchScreen.storyboard in Resources */,
				EA595C951E3C031F007BE637 /* Assets.xcassets in Resources */,
				EA595C901E3C031F007BE637 /* Main.storyboard in Resources */,
			);
			runOnlyForDeploymentPostprocessing = 0;
		};
		EA595C9C1E3C031F007BE637 /* Resources */ = {
			isa = PBXResourcesBuildPhase;
			buildActionMask = 2147483647;
			files = (
			);
			runOnlyForDeploymentPostprocessing = 0;
		};
		EA595CA71E3C031F007BE637 /* Resources */ = {
			isa = PBXResourcesBuildPhase;
			buildActionMask = 2147483647;
			files = (
			);
			runOnlyForDeploymentPostprocessing = 0;
		};
/* End PBXResourcesBuildPhase section */

/* Begin PBXSourcesBuildPhase section */
		EA595C831E3C031F007BE637 /* Sources */ = {
			isa = PBXSourcesBuildPhase;
			buildActionMask = 2147483647;
			files = (
				EA595C931E3C031F007BE637 /* Stablr.xcdatamodeld in Sources */,
				EA595C8D1E3C031F007BE637 /* ViewController.swift in Sources */,
				EA595C8B1E3C031F007BE637 /* AppDelegate.swift in Sources */,
			);
			runOnlyForDeploymentPostprocessing = 0;
		};
		EA595C9A1E3C031F007BE637 /* Sources */ = {
			isa = PBXSourcesBuildPhase;
			buildActionMask = 2147483647;
			files = (
				EA595CA31E3C031F007BE637 /* StablrTests.swift in Sources */,
			);
			runOnlyForDeploymentPostprocessing = 0;
		};
		EA595CA51E3C031F007BE637 /* Sources */ = {
			isa = PBXSourcesBuildPhase;
			buildActionMask = 2147483647;
			files = (
				EA595CAE1E3C031F007BE637 /* StablrUITests.swift in Sources */,
			);
			runOnlyForDeploymentPostprocessing = 0;
		};
/* End PBXSourcesBuildPhase section */

/* Begin PBXTargetDependency section */
		EA595CA01E3C031F007BE637 /* PBXTargetDependency */ = {
			isa = PBXTargetDependency;
			target = EA595C861E3C031F007BE637 /* Stablr */;
			targetProxy = EA595C9F1E3C031F007BE637 /* PBXContainerItemProxy */;
		};
		EA595CAB1E3C031F007BE637 /* PBXTargetDependency */ = {
			isa = PBXTargetDependency;
			target = EA595C861E3C031F007BE637 /* Stablr */;
			targetProxy = EA595CAA1E3C031F007BE637 /* PBXContainerItemProxy */;
		};
/* End PBXTargetDependency section */

/* Begin PBXVariantGroup section */
		EA595C8E1E3C031F007BE637 /* Main.storyboard */ = {
			isa = PBXVariantGroup;
			children = (
				EA595C8F1E3C031F007BE637 /* Base */,
			);
			name = Main.storyboard;
			sourceTree = "<group>";
		};
		EA595C961E3C031F007BE637 /* LaunchScreen.storyboard */ = {
			isa = PBXVariantGroup;
			children = (
				EA595C971E3C031F007BE637 /* Base */,
			);
			name = LaunchScreen.storyboard;
			sourceTree = "<group>";
		};
/* End PBXVariantGroup section */

/* Begin XCBuildConfiguration section */
		EA595CB01E3C031F007BE637 /* Debug */ = {
			isa = XCBuildConfiguration;
			buildSettings = {
				ALWAYS_SEARCH_USER_PATHS = NO;
				CLANG_ANALYZER_NONNULL = YES;
				CLANG_CXX_LANGUAGE_STANDARD = "gnu++0x";
				CLANG_CXX_LIBRARY = "libc++";
				CLANG_ENABLE_MODULES = YES;
				CLANG_ENABLE_OBJC_ARC = YES;
				CLANG_WARN_BOOL_CONVERSION = YES;
				CLANG_WARN_CONSTANT_CONVERSION = YES;
				CLANG_WARN_DIRECT_OBJC_ISA_USAGE = YES_ERROR;
				CLANG_WARN_DOCUMENTATION_COMMENTS = YES;
				CLANG_WARN_EMPTY_BODY = YES;
				CLANG_WARN_ENUM_CONVERSION = YES;
				CLANG_WARN_INFINITE_RECURSION = YES;
				CLANG_WARN_INT_CONVERSION = YES;
				CLANG_WARN_OBJC_ROOT_CLASS = YES_ERROR;
				CLANG_WARN_SUSPICIOUS_MOVE = YES;
				CLANG_WARN_UNREACHABLE_CODE = YES;
				CLANG_WARN__DUPLICATE_METHOD_MATCH = YES;
				"CODE_SIGN_IDENTITY[sdk=iphoneos*]" = "iPhone Developer";
				COPY_PHASE_STRIP = NO;
				DEBUG_INFORMATION_FORMAT = dwarf;
				ENABLE_STRICT_OBJC_MSGSEND = YES;
				ENABLE_TESTABILITY = YES;
				GCC_C_LANGUAGE_STANDARD = gnu99;
				GCC_DYNAMIC_NO_PIC = NO;
				GCC_NO_COMMON_BLOCKS = YES;
				GCC_OPTIMIZATION_LEVEL = 0;
				GCC_PREPROCESSOR_DEFINITIONS = (
					"DEBUG=1",
					"$(inherited)",
				);
				GCC_WARN_64_TO_32_BIT_CONVERSION = YES;
				GCC_WARN_ABOUT_RETURN_TYPE = YES_ERROR;
				GCC_WARN_UNDECLARED_SELECTOR = YES;
				GCC_WARN_UNINITIALIZED_AUTOS = YES_AGGRESSIVE;
				GCC_WARN_UNUSED_FUNCTION = YES;
				GCC_WARN_UNUSED_VARIABLE = YES;
				IPHONEOS_DEPLOYMENT_TARGET = 10.2;
				MTL_ENABLE_DEBUG_INFO = YES;
				ONLY_ACTIVE_ARCH = YES;
				SDKROOT = iphoneos;
				SWIFT_ACTIVE_COMPILATION_CONDITIONS = DEBUG;
				SWIFT_OPTIMIZATION_LEVEL = "-Onone";
				TARGETED_DEVICE_FAMILY = "1,2";
			};
			name = Debug;
		};
		EA595CB11E3C031F007BE637 /* Release */ = {
			isa = XCBuildConfiguration;
			buildSettings = {
				ALWAYS_SEARCH_USER_PATHS = NO;
				CLANG_ANALYZER_NONNULL = YES;
				CLANG_CXX_LANGUAGE_STANDARD = "gnu++0x";
				CLANG_CXX_LIBRARY = "libc++";
				CLANG_ENABLE_MODULES = YES;
				CLANG_ENABLE_OBJC_ARC = YES;
				CLANG_WARN_BOOL_CONVERSION = YES;
				CLANG_WARN_CONSTANT_CONVERSION = YES;
				CLANG_WARN_DIRECT_OBJC_ISA_USAGE = YES_ERROR;
				CLANG_WARN_DOCUMENTATION_COMMENTS = YES;
				CLANG_WARN_EMPTY_BODY = YES;
				CLANG_WARN_ENUM_CONVERSION = YES;
				CLANG_WARN_INFINITE_RECURSION = YES;
				CLANG_WARN_INT_CONVERSION = YES;
				CLANG_WARN_OBJC_ROOT_CLASS = YES_ERROR;
				CLANG_WARN_SUSPICIOUS_MOVE = YES;
				CLANG_WARN_UNREACHABLE_CODE = YES;
				CLANG_WARN__DUPLICATE_METHOD_MATCH = YES;
				"CODE_SIGN_IDENTITY[sdk=iphoneos*]" = "iPhone Developer";
				COPY_PHASE_STRIP = NO;
				DEBUG_INFORMATION_FORMAT = "dwarf-with-dsym";
				ENABLE_NS_ASSERTIONS = NO;
				ENABLE_STRICT_OBJC_MSGSEND = YES;
				GCC_C_LANGUAGE_STANDARD = gnu99;
				GCC_NO_COMMON_BLOCKS = YES;
				GCC_WARN_64_TO_32_BIT_CONVERSION = YES;
				GCC_WARN_ABOUT_RETURN_TYPE = YES_ERROR;
				GCC_WARN_UNDECLARED_SELECTOR = YES;
				GCC_WARN_UNINITIALIZED_AUTOS = YES_AGGRESSIVE;
				GCC_WARN_UNUSED_FUNCTION = YES;
				GCC_WARN_UNUSED_VARIABLE = YES;
				IPHONEOS_DEPLOYMENT_TARGET = 10.2;
				MTL_ENABLE_DEBUG_INFO = NO;
				SDKROOT = iphoneos;
				SWIFT_OPTIMIZATION_LEVEL = "-Owholemodule";
				TARGETED_DEVICE_FAMILY = "1,2";
				VALIDATE_PRODUCT = YES;
			};
			name = Release;
		};
		EA595CB31E3C031F007BE637 /* Debug */ = {
			isa = XCBuildConfiguration;
			buildSettings = {
				ASSETCATALOG_COMPILER_APPICON_NAME = AppIcon;
				DEVELOPMENT_TEAM = EX67LTNEAX;
				INFOPLIST_FILE = Stablr/Info.plist;
				LD_RUNPATH_SEARCH_PATHS = "$(inherited) @executable_path/Frameworks";
				PRODUCT_BUNDLE_IDENTIFIER = com.bu.Stablr;
				PRODUCT_NAME = "$(TARGET_NAME)";
				SWIFT_VERSION = 3.0;
			};
			name = Debug;
		};
		EA595CB41E3C031F007BE637 /* Release */ = {
			isa = XCBuildConfiguration;
			buildSettings = {
				ASSETCATALOG_COMPILER_APPICON_NAME = AppIcon;
				DEVELOPMENT_TEAM = EX67LTNEAX;
				INFOPLIST_FILE = Stablr/Info.plist;
				LD_RUNPATH_SEARCH_PATHS = "$(inherited) @executable_path/Frameworks";
				PRODUCT_BUNDLE_IDENTIFIER = com.bu.Stablr;
				PRODUCT_NAME = "$(TARGET_NAME)";
				SWIFT_VERSION = 3.0;
			};
			name = Release;
		};
		EA595CB61E3C031F007BE637 /* Debug */ = {
			isa = XCBuildConfiguration;
			buildSettings = {
				ALWAYS_EMBED_SWIFT_STANDARD_LIBRARIES = YES;
				BUNDLE_LOADER = "$(TEST_HOST)";
				INFOPLIST_FILE = StablrTests/Info.plist;
				LD_RUNPATH_SEARCH_PATHS = "$(inherited) @executable_path/Frameworks @loader_path/Frameworks";
				PRODUCT_BUNDLE_IDENTIFIER = com.bu.StablrTests;
				PRODUCT_NAME = "$(TARGET_NAME)";
				SWIFT_VERSION = 3.0;
				TEST_HOST = "$(BUILT_PRODUCTS_DIR)/Stablr.app/Stablr";
			};
			name = Debug;
		};
		EA595CB71E3C031F007BE637 /* Release */ = {
			isa = XCBuildConfiguration;
			buildSettings = {
				ALWAYS_EMBED_SWIFT_STANDARD_LIBRARIES = YES;
				BUNDLE_LOADER = "$(TEST_HOST)";
				INFOPLIST_FILE = StablrTests/Info.plist;
				LD_RUNPATH_SEARCH_PATHS = "$(inherited) @executable_path/Frameworks @loader_path/Frameworks";
				PRODUCT_BUNDLE_IDENTIFIER = com.bu.StablrTests;
				PRODUCT_NAME = "$(TARGET_NAME)";
				SWIFT_VERSION = 3.0;
				TEST_HOST = "$(BUILT_PRODUCTS_DIR)/Stablr.app/Stablr";
			};
			name = Release;
		};
		EA595CB91E3C031F007BE637 /* Debug */ = {
			isa = XCBuildConfiguration;
			buildSettings = {
				ALWAYS_EMBED_SWIFT_STANDARD_LIBRARIES = YES;
				INFOPLIST_FILE = StablrUITests/Info.plist;
				LD_RUNPATH_SEARCH_PATHS = "$(inherited) @executable_path/Frameworks @loader_path/Frameworks";
				PRODUCT_BUNDLE_IDENTIFIER = com.bu.StablrUITests;
				PRODUCT_NAME = "$(TARGET_NAME)";
				SWIFT_VERSION = 3.0;
				TEST_TARGET_NAME = Stablr;
			};
			name = Debug;
		};
		EA595CBA1E3C031F007BE637 /* Release */ = {
			isa = XCBuildConfiguration;
			buildSettings = {
				ALWAYS_EMBED_SWIFT_STANDARD_LIBRARIES = YES;
				INFOPLIST_FILE = StablrUITests/Info.plist;
				LD_RUNPATH_SEARCH_PATHS = "$(inherited) @executable_path/Frameworks @loader_path/Frameworks";
				PRODUCT_BUNDLE_IDENTIFIER = com.bu.StablrUITests;
				PRODUCT_NAME = "$(TARGET_NAME)";
				SWIFT_VERSION = 3.0;
				TEST_TARGET_NAME = Stablr;
			};
			name = Release;
		};
/* End XCBuildConfiguration section */

/* Begin XCConfigurationList section */
		EA595C821E3C031F007BE637 /* Build configuration list for PBXProject "Stablr" */ = {
			isa = XCConfigurationList;
			buildConfigurations = (
				EA595CB01E3C031F007BE637 /* Debug */,
				EA595CB11E3C031F007BE637 /* Release */,
			);
			defaultConfigurationIsVisible = 0;
			defaultConfigurationName = Release;
		};
		EA595CB21E3C031F007BE637 /* Build configuration list for PBXNativeTarget "Stablr" */ = {
			isa = XCConfigurationList;
			buildConfigurations = (
				EA595CB31E3C031F007BE637 /* Debug */,
				EA595CB41E3C031F007BE637 /* Release */,
			);
			defaultConfigurationIsVisible = 0;
		};
		EA595CB51E3C031F007BE637 /* Build configuration list for PBXNativeTarget "StablrTests" */ = {
			isa = XCConfigurationList;
			buildConfigurations = (
				EA595CB61E3C031F007BE637 /* Debug */,
				EA595CB71E3C031F007BE637 /* Release */,
			);
			defaultConfigurationIsVisible = 0;
		};
		EA595CB81E3C031F007BE637 /* Build configuration list for PBXNativeTarget "StablrUITests" */ = {
			isa = XCConfigurationList;
			buildConfigurations = (
				EA595CB91E3C031F007BE637 /* Debug */,
				EA595CBA1E3C031F007BE637 /* Release */,
			);
			defaultConfigurationIsVisible = 0;
		};
/* End XCConfigurationList section */

/* Begin XCVersionGroup section */
		EA595C911E3C031F007BE637 /* Stablr.xcdatamodeld */ = {
			isa = XCVersionGroup;
			children = (
				EA595C921E3C031F007BE637 /* Stablr.xcdatamodel */,
			);
			currentVersion = EA595C921E3C031F007BE637 /* Stablr.xcdatamodel */;
			path = Stablr.xcdatamodeld;
			sourceTree = "<group>";
			versionGroupType = wrapper.xcdatamodel;
		};
/* End XCVersionGroup section */
	};
	rootObject = EA595C7F1E3C031F007BE637 /* Project object */;
}
